// !$*UTF8*$!
{
	archiveVersion = 1;
	classes = {
	};
	objectVersion = 56;
	objects = {

/* Begin PBXBuildFile section */
		021010F728F8570700AA106D /* BrowsrAppApp.swift in Sources */ = {isa = PBXBuildFile; fileRef = 021010F628F8570700AA106D /* BrowsrAppApp.swift */; };
		021010FB28F8570800AA106D /* Assets.xcassets in Resources */ = {isa = PBXBuildFile; fileRef = 021010FA28F8570800AA106D /* Assets.xcassets */; };
		021010FE28F8570800AA106D /* Preview Assets.xcassets in Resources */ = {isa = PBXBuildFile; fileRef = 021010FD28F8570800AA106D /* Preview Assets.xcassets */; };
		0210110D28F85DBF00AA106D /* BrowsrLib.swift in Sources */ = {isa = PBXBuildFile; fileRef = 0210110C28F85DBF00AA106D /* BrowsrLib.swift */; };
		0210110F28F8629400AA106D /* UserModel.swift in Sources */ = {isa = PBXBuildFile; fileRef = 0210110E28F8629400AA106D /* UserModel.swift */; };
		0210111128F869E100AA106D /* BrowsrLibError.swift in Sources */ = {isa = PBXBuildFile; fileRef = 0210111028F869E100AA106D /* BrowsrLibError.swift */; };
		0210111328F896A000AA106D /* OrganizationsListView.swift in Sources */ = {isa = PBXBuildFile; fileRef = 0210111228F896A000AA106D /* OrganizationsListView.swift */; };
		0210111528F896E500AA106D /* OrganizationsListViewModel.swift in Sources */ = {isa = PBXBuildFile; fileRef = 0210111428F896E500AA106D /* OrganizationsListViewModel.swift */; };
		0210111B28FB7A4400AA106D /* OrganizationView.swift in Sources */ = {isa = PBXBuildFile; fileRef = 0210111A28FB7A4400AA106D /* OrganizationView.swift */; };
		02AABF9E28FC4AA500C22F20 /* Favourites.swift in Sources */ = {isa = PBXBuildFile; fileRef = 02AABF9D28FC4AA500C22F20 /* Favourites.swift */; };
/* End PBXBuildFile section */

/* Begin PBXFileReference section */
		021010F328F8570700AA106D /* BrowsrApp.app */ = {isa = PBXFileReference; explicitFileType = wrapper.application; includeInIndex = 0; path = BrowsrApp.app; sourceTree = BUILT_PRODUCTS_DIR; };
		021010F628F8570700AA106D /* BrowsrAppApp.swift */ = {isa = PBXFileReference; lastKnownFileType = sourcecode.swift; path = BrowsrAppApp.swift; sourceTree = "<group>"; };
		021010FA28F8570800AA106D /* Assets.xcassets */ = {isa = PBXFileReference; lastKnownFileType = folder.assetcatalog; path = Assets.xcassets; sourceTree = "<group>"; };
		021010FD28F8570800AA106D /* Preview Assets.xcassets */ = {isa = PBXFileReference; lastKnownFileType = folder.assetcatalog; path = "Preview Assets.xcassets"; sourceTree = "<group>"; };
		0210110C28F85DBF00AA106D /* BrowsrLib.swift */ = {isa = PBXFileReference; lastKnownFileType = sourcecode.swift; path = BrowsrLib.swift; sourceTree = "<group>"; };
		0210110E28F8629400AA106D /* UserModel.swift */ = {isa = PBXFileReference; lastKnownFileType = sourcecode.swift; path = UserModel.swift; sourceTree = "<group>"; };
		0210111028F869E100AA106D /* BrowsrLibError.swift */ = {isa = PBXFileReference; lastKnownFileType = sourcecode.swift; path = BrowsrLibError.swift; sourceTree = "<group>"; };
		0210111228F896A000AA106D /* OrganizationsListView.swift */ = {isa = PBXFileReference; lastKnownFileType = sourcecode.swift; path = OrganizationsListView.swift; sourceTree = "<group>"; };
		0210111428F896E500AA106D /* OrganizationsListViewModel.swift */ = {isa = PBXFileReference; lastKnownFileType = sourcecode.swift; path = OrganizationsListViewModel.swift; sourceTree = "<group>"; };
		0210111A28FB7A4400AA106D /* OrganizationView.swift */ = {isa = PBXFileReference; lastKnownFileType = sourcecode.swift; path = OrganizationView.swift; sourceTree = "<group>"; };
		02AABF9D28FC4AA500C22F20 /* Favourites.swift */ = {isa = PBXFileReference; lastKnownFileType = sourcecode.swift; path = Favourites.swift; sourceTree = "<group>"; };
/* End PBXFileReference section */

/* Begin PBXFrameworksBuildPhase section */
		021010F028F8570700AA106D /* Frameworks */ = {
			isa = PBXFrameworksBuildPhase;
			buildActionMask = 2147483647;
			files = (
			);
			runOnlyForDeploymentPostprocessing = 0;
		};
/* End PBXFrameworksBuildPhase section */

/* Begin PBXGroup section */
		021010EA28F8570700AA106D = {
			isa = PBXGroup;
			children = (
				021010F528F8570700AA106D /* BrowsrApp */,
				021010F428F8570700AA106D /* Products */,
			);
			sourceTree = "<group>";
		};
		021010F428F8570700AA106D /* Products */ = {
			isa = PBXGroup;
			children = (
				021010F328F8570700AA106D /* BrowsrApp.app */,
			);
			name = Products;
			sourceTree = "<group>";
		};
		021010F528F8570700AA106D /* BrowsrApp */ = {
			isa = PBXGroup;
			children = (
				0210110A28F8584C00AA106D /* Extensions */,
				0210110928F8584000AA106D /* Models */,
				0210110828F8583500AA106D /* Resources */,
				0210110B28F85DA100AA106D /* Services */,
				0210110728F8582700AA106D /* SupportingFiles */,
				0210110628F8582200AA106D /* Utils */,
				0210110528F8581D00AA106D /* Views */,
				0210110428F8580F00AA106D /* ViewModels */,
				021010FA28F8570800AA106D /* Assets.xcassets */,
				021010FC28F8570800AA106D /* Preview Content */,
			);
			path = BrowsrApp;
			sourceTree = "<group>";
		};
		021010FC28F8570800AA106D /* Preview Content */ = {
			isa = PBXGroup;
			children = (
				021010FD28F8570800AA106D /* Preview Assets.xcassets */,
			);
			path = "Preview Content";
			sourceTree = "<group>";
		};
		0210110428F8580F00AA106D /* ViewModels */ = {
			isa = PBXGroup;
			children = (
				0210111428F896E500AA106D /* OrganizationsListViewModel.swift */,
			);
			path = ViewModels;
			sourceTree = "<group>";
		};
		0210110528F8581D00AA106D /* Views */ = {
			isa = PBXGroup;
			children = (
				0210111728FB793600AA106D /* Oraganization */,
				0210111628FB792800AA106D /* OrganizationsList */,
			);
			path = Views;
			sourceTree = "<group>";
		};
		0210110628F8582200AA106D /* Utils */ = {
			isa = PBXGroup;
			children = (
				0210111028F869E100AA106D /* BrowsrLibError.swift */,
				02AABF9D28FC4AA500C22F20 /* Favourites.swift */,
			);
			path = Utils;
			sourceTree = "<group>";
		};
		0210110728F8582700AA106D /* SupportingFiles */ = {
			isa = PBXGroup;
			children = (
				021010F628F8570700AA106D /* BrowsrAppApp.swift */,
			);
			path = SupportingFiles;
			sourceTree = "<group>";
		};
		0210110828F8583500AA106D /* Resources */ = {
			isa = PBXGroup;
			children = (
			);
			path = Resources;
			sourceTree = "<group>";
		};
		0210110928F8584000AA106D /* Models */ = {
			isa = PBXGroup;
			children = (
				0210110E28F8629400AA106D /* UserModel.swift */,
			);
			path = Models;
			sourceTree = "<group>";
		};
		0210110A28F8584C00AA106D /* Extensions */ = {
			isa = PBXGroup;
			children = (
			);
			path = Extensions;
			sourceTree = "<group>";
		};
		0210110B28F85DA100AA106D /* Services */ = {
			isa = PBXGroup;
			children = (
				0210110C28F85DBF00AA106D /* BrowsrLib.swift */,
			);
			path = Services;
			sourceTree = "<group>";
		};
		0210111628FB792800AA106D /* OrganizationsList */ = {
			isa = PBXGroup;
			children = (
				0210111228F896A000AA106D /* OrganizationsListView.swift */,
			);
			path = OrganizationsList;
			sourceTree = "<group>";
		};
		0210111728FB793600AA106D /* Oraganization */ = {
			isa = PBXGroup;
			children = (
				0210111A28FB7A4400AA106D /* OrganizationView.swift */,
			);
			path = Oraganization;
			sourceTree = "<group>";
		};
/* End PBXGroup section */

/* Begin PBXNativeTarget section */
		021010F228F8570700AA106D /* BrowsrApp */ = {
			isa = PBXNativeTarget;
			buildConfigurationList = 0210110128F8570800AA106D /* Build configuration list for PBXNativeTarget "BrowsrApp" */;
			buildPhases = (
				021010EF28F8570700AA106D /* Sources */,
				021010F028F8570700AA106D /* Frameworks */,
				021010F128F8570700AA106D /* Resources */,
			);
			buildRules = (
			);
			dependencies = (
			);
			name = BrowsrApp;
			productName = BrowsrApp;
			productReference = 021010F328F8570700AA106D /* BrowsrApp.app */;
			productType = "com.apple.product-type.application";
		};
/* End PBXNativeTarget section */

/* Begin PBXProject section */
		021010EB28F8570700AA106D /* Project object */ = {
			isa = PBXProject;
			attributes = {
				BuildIndependentTargetsInParallel = 1;
				LastSwiftUpdateCheck = 1400;
				LastUpgradeCheck = 1400;
				TargetAttributes = {
					021010F228F8570700AA106D = {
						CreatedOnToolsVersion = 14.0.1;
					};
				};
			};
			buildConfigurationList = 021010EE28F8570700AA106D /* Build configuration list for PBXProject "BrowsrApp" */;
			compatibilityVersion = "Xcode 14.0";
			developmentRegion = en;
			hasScannedForEncodings = 0;
			knownRegions = (
				en,
				Base,
			);
			mainGroup = 021010EA28F8570700AA106D;
			productRefGroup = 021010F428F8570700AA106D /* Products */;
			projectDirPath = "";
			projectRoot = "";
			targets = (
				021010F228F8570700AA106D /* BrowsrApp */,
			);
		};
/* End PBXProject section */

/* Begin PBXResourcesBuildPhase section */
		021010F128F8570700AA106D /* Resources */ = {
			isa = PBXResourcesBuildPhase;
			buildActionMask = 2147483647;
			files = (
				021010FE28F8570800AA106D /* Preview Assets.xcassets in Resources */,
				021010FB28F8570800AA106D /* Assets.xcassets in Resources */,
			);
			runOnlyForDeploymentPostprocessing = 0;
		};
/* End PBXResourcesBuildPhase section */

/* Begin PBXSourcesBuildPhase section */
		021010EF28F8570700AA106D /* Sources */ = {
			isa = PBXSourcesBuildPhase;
			buildActionMask = 2147483647;
			files = (
				0210110F28F8629400AA106D /* UserModel.swift in Sources */,
				0210111328F896A000AA106D /* OrganizationsListView.swift in Sources */,
				0210111B28FB7A4400AA106D /* OrganizationView.swift in Sources */,
				02AABF9E28FC4AA500C22F20 /* Favourites.swift in Sources */,
				0210111528F896E500AA106D /* OrganizationsListViewModel.swift in Sources */,
				0210110D28F85DBF00AA106D /* BrowsrLib.swift in Sources */,
				0210111128F869E100AA106D /* BrowsrLibError.swift in Sources */,
				021010F728F8570700AA106D /* BrowsrAppApp.swift in Sources */,
			);
			runOnlyForDeploymentPostprocessing = 0;
		};
/* End PBXSourcesBuildPhase section */

/* Begin XCBuildConfiguration section */
		021010FF28F8570800AA106D /* Debug */ = {
			isa = XCBuildConfiguration;
			buildSettings = {
				ALWAYS_SEARCH_USER_PATHS = NO;
				CLANG_ANALYZER_NONNULL = YES;
				CLANG_ANALYZER_NUMBER_OBJECT_CONVERSION = YES_AGGRESSIVE;
				CLANG_CXX_LANGUAGE_STANDARD = "gnu++20";
				CLANG_ENABLE_MODULES = YES;
				CLANG_ENABLE_OBJC_ARC = YES;
				CLANG_ENABLE_OBJC_WEAK = YES;
				CLANG_WARN_BLOCK_CAPTURE_AUTORELEASING = YES;
				CLANG_WARN_BOOL_CONVERSION = YES;
				CLANG_WARN_COMMA = YES;
				CLANG_WARN_CONSTANT_CONVERSION = YES;
				CLANG_WARN_DEPRECATED_OBJC_IMPLEMENTATIONS = YES;
				CLANG_WARN_DIRECT_OBJC_ISA_USAGE = YES_ERROR;
				CLANG_WARN_DOCUMENTATION_COMMENTS = YES;
				CLANG_WARN_EMPTY_BODY = YES;
				CLANG_WARN_ENUM_CONVERSION = YES;
				CLANG_WARN_INFINITE_RECURSION = YES;
				CLANG_WARN_INT_CONVERSION = YES;
				CLANG_WARN_NON_LITERAL_NULL_CONVERSION = YES;
				CLANG_WARN_OBJC_IMPLICIT_RETAIN_SELF = YES;
				CLANG_WARN_OBJC_LITERAL_CONVERSION = YES;
				CLANG_WARN_OBJC_ROOT_CLASS = YES_ERROR;
				CLANG_WARN_QUOTED_INCLUDE_IN_FRAMEWORK_HEADER = YES;
				CLANG_WARN_RANGE_LOOP_ANALYSIS = YES;
				CLANG_WARN_STRICT_PROTOTYPES = YES;
				CLANG_WARN_SUSPICIOUS_MOVE = YES;
				CLANG_WARN_UNGUARDED_AVAILABILITY = YES_AGGRESSIVE;
				CLANG_WARN_UNREACHABLE_CODE = YES;
				CLANG_WARN__DUPLICATE_METHOD_MATCH = YES;
				COPY_PHASE_STRIP = NO;
				DEBUG_INFORMATION_FORMAT = dwarf;
				ENABLE_STRICT_OBJC_MSGSEND = YES;
				ENABLE_TESTABILITY = YES;
				GCC_C_LANGUAGE_STANDARD = gnu11;
				GCC_DYNAMIC_NO_PIC = NO;
				GCC_NO_COMMON_BLOCKS = YES;
				GCC_OPTIMIZATION_LEVEL = 0;
				GCC_PREPROCESSOR_DEFINITIONS = (
					"DEBUG=1",
					"$(inherited)",
				);
				GCC_WARN_64_TO_32_BIT_CONVERSION = YES;
				GCC_WARN_ABOUT_RETURN_TYPE = YES_ERROR;
				GCC_WARN_UNDECLARED_SELECTOR = YES;
				GCC_WARN_UNINITIALIZED_AUTOS = YES_AGGRESSIVE;
				GCC_WARN_UNUSED_FUNCTION = YES;
				GCC_WARN_UNUSED_VARIABLE = YES;
				IPHONEOS_DEPLOYMENT_TARGET = 16.0;
				MTL_ENABLE_DEBUG_INFO = INCLUDE_SOURCE;
				MTL_FAST_MATH = YES;
				ONLY_ACTIVE_ARCH = YES;
				SDKROOT = iphoneos;
				SWIFT_ACTIVE_COMPILATION_CONDITIONS = DEBUG;
				SWIFT_OPTIMIZATION_LEVEL = "-Onone";
			};
			name = Debug;
		};
		0210110028F8570800AA106D /* Release */ = {
			isa = XCBuildConfiguration;
			buildSettings = {
				ALWAYS_SEARCH_USER_PATHS = NO;
				CLANG_ANALYZER_NONNULL = YES;
				CLANG_ANALYZER_NUMBER_OBJECT_CONVERSION = YES_AGGRESSIVE;
				CLANG_CXX_LANGUAGE_STANDARD = "gnu++20";
				CLANG_ENABLE_MODULES = YES;
				CLANG_ENABLE_OBJC_ARC = YES;
				CLANG_ENABLE_OBJC_WEAK = YES;
				CLANG_WARN_BLOCK_CAPTURE_AUTORELEASING = YES;
				CLANG_WARN_BOOL_CONVERSION = YES;
				CLANG_WARN_COMMA = YES;
				CLANG_WARN_CONSTANT_CONVERSION = YES;
				CLANG_WARN_DEPRECATED_OBJC_IMPLEMENTATIONS = YES;
				CLANG_WARN_DIRECT_OBJC_ISA_USAGE = YES_ERROR;
				CLANG_WARN_DOCUMENTATION_COMMENTS = YES;
				CLANG_WARN_EMPTY_BODY = YES;
				CLANG_WARN_ENUM_CONVERSION = YES;
				CLANG_WARN_INFINITE_RECURSION = YES;
				CLANG_WARN_INT_CONVERSION = YES;
				CLANG_WARN_NON_LITERAL_NULL_CONVERSION = YES;
				CLANG_WARN_OBJC_IMPLICIT_RETAIN_SELF = YES;
				CLANG_WARN_OBJC_LITERAL_CONVERSION = YES;
				CLANG_WARN_OBJC_ROOT_CLASS = YES_ERROR;
				CLANG_WARN_QUOTED_INCLUDE_IN_FRAMEWORK_HEADER = YES;
				CLANG_WARN_RANGE_LOOP_ANALYSIS = YES;
				CLANG_WARN_STRICT_PROTOTYPES = YES;
				CLANG_WARN_SUSPICIOUS_MOVE = YES;
				CLANG_WARN_UNGUARDED_AVAILABILITY = YES_AGGRESSIVE;
				CLANG_WARN_UNREACHABLE_CODE = YES;
				CLANG_WARN__DUPLICATE_METHOD_MATCH = YES;
				COPY_PHASE_STRIP = NO;
				DEBUG_INFORMATION_FORMAT = "dwarf-with-dsym";
				ENABLE_NS_ASSERTIONS = NO;
				ENABLE_STRICT_OBJC_MSGSEND = YES;
				GCC_C_LANGUAGE_STANDARD = gnu11;
				GCC_NO_COMMON_BLOCKS = YES;
				GCC_WARN_64_TO_32_BIT_CONVERSION = YES;
				GCC_WARN_ABOUT_RETURN_TYPE = YES_ERROR;
				GCC_WARN_UNDECLARED_SELECTOR = YES;
				GCC_WARN_UNINITIALIZED_AUTOS = YES_AGGRESSIVE;
				GCC_WARN_UNUSED_FUNCTION = YES;
				GCC_WARN_UNUSED_VARIABLE = YES;
				IPHONEOS_DEPLOYMENT_TARGET = 16.0;
				MTL_ENABLE_DEBUG_INFO = NO;
				MTL_FAST_MATH = YES;
				SDKROOT = iphoneos;
				SWIFT_COMPILATION_MODE = wholemodule;
				SWIFT_OPTIMIZATION_LEVEL = "-O";
				VALIDATE_PRODUCT = YES;
			};
			name = Release;
		};
		0210110228F8570800AA106D /* Debug */ = {
			isa = XCBuildConfiguration;
			buildSettings = {
				ASSETCATALOG_COMPILER_APPICON_NAME = AppIcon;
				ASSETCATALOG_COMPILER_GLOBAL_ACCENT_COLOR_NAME = AccentColor;
				CODE_SIGN_STYLE = Automatic;
				CURRENT_PROJECT_VERSION = 1;
				DEVELOPMENT_ASSET_PATHS = "\"BrowsrApp/Preview Content\"";
				DEVELOPMENT_TEAM = J79W5LYB5S;
				ENABLE_PREVIEWS = YES;
				GENERATE_INFOPLIST_FILE = YES;
				INFOPLIST_KEY_UIApplicationSceneManifest_Generation = YES;
				INFOPLIST_KEY_UIApplicationSupportsIndirectInputEvents = YES;
				INFOPLIST_KEY_UILaunchScreen_Generation = YES;
				INFOPLIST_KEY_UISupportedInterfaceOrientations_iPad = "UIInterfaceOrientationPortrait UIInterfaceOrientationPortraitUpsideDown UIInterfaceOrientationLandscapeLeft UIInterfaceOrientationLandscapeRight";
				INFOPLIST_KEY_UISupportedInterfaceOrientations_iPhone = "UIInterfaceOrientationPortrait UIInterfaceOrientationLandscapeLeft UIInterfaceOrientationLandscapeRight";
				LD_RUNPATH_SEARCH_PATHS = (
					"$(inherited)",
					"@executable_path/Frameworks",
				);
				MARKETING_VERSION = 1.0;
				PRODUCT_BUNDLE_IDENTIFIER = com.lss.BrowsrDemo;
				PRODUCT_NAME = "$(TARGET_NAME)";
				SWIFT_EMIT_LOC_STRINGS = YES;
				SWIFT_VERSION = 5.0;
				TARGETED_DEVICE_FAMILY = "1,2";
			};
			name = Debug;
		};
		0210110328F8570800AA106D /* Release */ = {
			isa = XCBuildConfiguration;
			buildSettings = {
				ASSETCATALOG_COMPILER_APPICON_NAME = AppIcon;
				ASSETCATALOG_COMPILER_GLOBAL_ACCENT_COLOR_NAME = AccentColor;
				CODE_SIGN_STYLE = Automatic;
				CURRENT_PROJECT_VERSION = 1;
				DEVELOPMENT_ASSET_PATHS = "\"BrowsrApp/Preview Content\"";
				DEVELOPMENT_TEAM = J79W5LYB5S;
				ENABLE_PREVIEWS = YES;
				GENERATE_INFOPLIST_FILE = YES;
				INFOPLIST_KEY_UIApplicationSceneManifest_Generation = YES;
				INFOPLIST_KEY_UIApplicationSupportsIndirectInputEvents = YES;
				INFOPLIST_KEY_UILaunchScreen_Generation = YES;
				INFOPLIST_KEY_UISupportedInterfaceOrientations_iPad = "UIInterfaceOrientationPortrait UIInterfaceOrientationPortraitUpsideDown UIInterfaceOrientationLandscapeLeft UIInterfaceOrientationLandscapeRight";
				INFOPLIST_KEY_UISupportedInterfaceOrientations_iPhone = "UIInterfaceOrientationPortrait UIInterfaceOrientationLandscapeLeft UIInterfaceOrientationLandscapeRight";
				LD_RUNPATH_SEARCH_PATHS = (
					"$(inherited)",
					"@executable_path/Frameworks",
				);
				MARKETING_VERSION = 1.0;
				PRODUCT_BUNDLE_IDENTIFIER = com.lss.BrowsrDemo;
				PRODUCT_NAME = "$(TARGET_NAME)";
				SWIFT_EMIT_LOC_STRINGS = YES;
				SWIFT_VERSION = 5.0;
				TARGETED_DEVICE_FAMILY = "1,2";
			};
			name = Release;
		};
/* End XCBuildConfiguration section */

/* Begin XCConfigurationList section */
		021010EE28F8570700AA106D /* Build configuration list for PBXProject "BrowsrApp" */ = {
			isa = XCConfigurationList;
			buildConfigurations = (
				021010FF28F8570800AA106D /* Debug */,
				0210110028F8570800AA106D /* Release */,
			);
			defaultConfigurationIsVisible = 0;
			defaultConfigurationName = Release;
		};
		0210110128F8570800AA106D /* Build configuration list for PBXNativeTarget "BrowsrApp" */ = {
			isa = XCConfigurationList;
			buildConfigurations = (
				0210110228F8570800AA106D /* Debug */,
				0210110328F8570800AA106D /* Release */,
			);
			defaultConfigurationIsVisible = 0;
			defaultConfigurationName = Release;
		};
/* End XCConfigurationList section */
	};
	rootObject = 021010EB28F8570700AA106D /* Project object */;
}
